{
  "originHash" : "be4d1864dbe2f7d448da3f48c5684400830182ba31395edc93a693caa974e114",
  "pins" : [
    {
      "identity" : "twilio-voice-ios",
      "kind" : "remoteSourceControl",
      "location" : "https://github.com/twilio/twilio-voice-ios",
      "state" : {
        "revision" : "2661fcc6d1c7c0bab5f8ca38573381cca3337caf",
        "version" : "6.12.0"
      }
    }
  ],
  "version" : 3
}
